
Microsoft Visual Studio Solution File, Format Version 12.00
# Visual Studio Version 16
VisualStudioVersion = 16.0.29102.190
MinimumVisualStudioVersion = 10.0.40219.1
Project("{FAE04EC0-301F-11D3-BF4B-00C04F79EFBC}") = "OAuth2", "OAuth\OAuth2.csproj", "{33CFFA12-A477-49C0-A0F6-C3ABC2A3F306}"
EndProject
Global
	GlobalSection(SolutionConfigurationPlatforms) = preSolution
		Debug|Any CPU = Debug|Any CPU
		Release|Any CPU = Release|Any CPU
	EndGlobalSection
	GlobalSection(ProjectConfigurationPlatforms) = postSolution
		{33CFFA12-A477-49C0-A0F6-C3ABC2A3F306}.Debug|Any CPU.ActiveCfg = Debug|Any CPU
		{33CFFA12-A477-49C0-A0F6-C3ABC2A3F306}.Debug|Any CPU.Build.0 = Debug|Any CPU
		{33CFFA12-A477-49C0-A0F6-C3ABC2A3F306}.Release|Any CPU.ActiveCfg = Release|Any CPU
		{33CFFA12-A477-49C0-A0F6-C3ABC2A3F306}.Release|Any CPU.Build.0 = Release|Any CPU
	EndGlobalSection
	GlobalSection(SolutionProperties) = preSolution
		HideSolutionNode = FALSE
	EndGlobalSection
	GlobalSection(ExtensibilityGlobals) = postSolution
		SolutionGuid = {4C9148A9-C5CF-4BBF-B286-A2BC59A2E11C}
	EndGlobalSection
EndGlobal
